
Microsoft Visual Studio Solution File, Format Version 12.00
# Visual Studio Version 17
VisualStudioVersion = 17.8.34330.188
MinimumVisualStudioVersion = 10.0.40219.1
Project("{FAE04EC0-301F-11D3-BF4B-00C04F79EFBC}") = "FullStackAPI", "FullStackAPI\FullStackAPI.csproj", "{0A5E8C62-C8A5-42A5-BB97-42DD97EBF2A4}"
EndProject
Global
	GlobalSection(SolutionConfigurationPlatforms) = preSolution
		Debug|Any CPU = Debug|Any CPU
		Release|Any CPU = Release|Any CPU
	EndGlobalSection
	GlobalSection(ProjectConfigurationPlatforms) = postSolution
		{0A5E8C62-C8A5-42A5-BB97-42DD97EBF2A4}.Debug|Any CPU.ActiveCfg = Debug|Any CPU
		{0A5E8C62-C8A5-42A5-BB97-42DD97EBF2A4}.Debug|Any CPU.Build.0 = Debug|Any CPU
		{0A5E8C62-C8A5-42A5-BB97-42DD97EBF2A4}.Release|Any CPU.ActiveCfg = Release|Any CPU
		{0A5E8C62-C8A5-42A5-BB97-42DD97EBF2A4}.Release|Any CPU.Build.0 = Release|Any CPU
	EndGlobalSection
	GlobalSection(SolutionProperties) = preSolution
		HideSolutionNode = FALSE
	EndGlobalSection
	GlobalSection(ExtensibilityGlobals) = postSolution
		SolutionGuid = {64293F41-E5A8-47D1-8281-DBFB851CD313}
	EndGlobalSection
EndGlobal
