
Microsoft Visual Studio Solution File, Format Version 12.00
# Visual Studio Version 17
VisualStudioVersion = 17.8.34330.188
MinimumVisualStudioVersion = 10.0.40219.1
Project("{FAE04EC0-301F-11D3-BF4B-00C04F79EFBC}") = "FullStackAPI_.NET", "FullStackAPI_.NET\FullStackAPI_.NET.csproj", "{C649D79F-1F75-4132-93BD-F036C966F042}"
EndProject
Global
	GlobalSection(SolutionConfigurationPlatforms) = preSolution
		Debug|Any CPU = Debug|Any CPU
		Release|Any CPU = Release|Any CPU
	EndGlobalSection
	GlobalSection(ProjectConfigurationPlatforms) = postSolution
		{C649D79F-1F75-4132-93BD-F036C966F042}.Debug|Any CPU.ActiveCfg = Debug|Any CPU
		{C649D79F-1F75-4132-93BD-F036C966F042}.Debug|Any CPU.Build.0 = Debug|Any CPU
		{C649D79F-1F75-4132-93BD-F036C966F042}.Release|Any CPU.ActiveCfg = Release|Any CPU
		{C649D79F-1F75-4132-93BD-F036C966F042}.Release|Any CPU.Build.0 = Release|Any CPU
	EndGlobalSection
	GlobalSection(SolutionProperties) = preSolution
		HideSolutionNode = FALSE
	EndGlobalSection
	GlobalSection(ExtensibilityGlobals) = postSolution
		SolutionGuid = {8C8EE36F-651A-4E93-B663-61C76D377616}
	EndGlobalSection
EndGlobal
